
Microsoft Visual Studio Solution File, Format Version 12.00
# Visual Studio Version 16
VisualStudioVersion = 16.0.31624.102
MinimumVisualStudioVersion = 10.0.40219.1
Project("{FAE04EC0-301F-11D3-BF4B-00C04F79EFBC}") = "POReportGenerator", "POReportGenerator.csproj", "{163B98C3-7DFE-4E99-87AA-231F13E281B6}"
EndProject
Global
	GlobalSection(SolutionConfigurationPlatforms) = preSolution
		Debug|Any CPU = Debug|Any CPU
		Release|Any CPU = Release|Any CPU
	EndGlobalSection
	GlobalSection(ProjectConfigurationPlatforms) = postSolution
		{163B98C3-7DFE-4E99-87AA-231F13E281B6}.Debug|Any CPU.ActiveCfg = Debug|Any CPU
		{163B98C3-7DFE-4E99-87AA-231F13E281B6}.Debug|Any CPU.Build.0 = Debug|Any CPU
		{163B98C3-7DFE-4E99-87AA-231F13E281B6}.Release|Any CPU.ActiveCfg = Release|Any CPU
		{163B98C3-7DFE-4E99-87AA-231F13E281B6}.Release|Any CPU.Build.0 = Release|Any CPU
	EndGlobalSection
	GlobalSection(SolutionProperties) = preSolution
		HideSolutionNode = FALSE
	EndGlobalSection
	GlobalSection(ExtensibilityGlobals) = postSolution
		SolutionGuid = {6941AC42-528F-4664-B0E1-592DB6A5176B}
	EndGlobalSection
EndGlobal
